// !$*UTF8*$!
{
	archiveVersion = 1;
	classes = {
	};
	objectVersion = 50;
	objects = {

/* Begin PBXBuildFile section */
		D1DE9D28215924EB00FE1940 /* AppDelegate.swift in Sources */ = {isa = PBXBuildFile; fileRef = D1DE9D27215924EB00FE1940 /* AppDelegate.swift */; };
		D1DE9D2A215924EB00FE1940 /* ViewController.swift in Sources */ = {isa = PBXBuildFile; fileRef = D1DE9D29215924EB00FE1940 /* ViewController.swift */; };
		D1DE9D2D215924EB00FE1940 /* Main.storyboard in Resources */ = {isa = PBXBuildFile; fileRef = D1DE9D2B215924EB00FE1940 /* Main.storyboard */; };
		D1DE9D2F215924EB00FE1940 /* Assets.xcassets in Resources */ = {isa = PBXBuildFile; fileRef = D1DE9D2E215924EB00FE1940 /* Assets.xcassets */; };
		D1DE9D32215924EB00FE1940 /* LaunchScreen.storyboard in Resources */ = {isa = PBXBuildFile; fileRef = D1DE9D30215924EB00FE1940 /* LaunchScreen.storyboard */; };
/* End PBXBuildFile section */

/* Begin PBXFileReference section */
		D1DE9D24215924EB00FE1940 /* AlarmProjects_UyarıOlusturma.app */ = {isa = PBXFileReference; explicitFileType = wrapper.application; includeInIndex = 0; path = "AlarmProjects_UyarıOlusturma.app"; sourceTree = BUILT_PRODUCTS_DIR; };
		D1DE9D27215924EB00FE1940 /* AppDelegate.swift */ = {isa = PBXFileReference; lastKnownFileType = sourcecode.swift; path = AppDelegate.swift; sourceTree = "<group>"; };
		D1DE9D29215924EB00FE1940 /* ViewController.swift */ = {isa = PBXFileReference; lastKnownFileType = sourcecode.swift; path = ViewController.swift; sourceTree = "<group>"; };
		D1DE9D2C215924EB00FE1940 /* Base */ = {isa = PBXFileReference; lastKnownFileType = file.storyboard; name = Base; path = Base.lproj/Main.storyboard; sourceTree = "<group>"; };
		D1DE9D2E215924EB00FE1940 /* Assets.xcassets */ = {isa = PBXFileReference; lastKnownFileType = folder.assetcatalog; path = Assets.xcassets; sourceTree = "<group>"; };
		D1DE9D31215924EB00FE1940 /* Base */ = {isa = PBXFileReference; lastKnownFileType = file.storyboard; name = Base; path = Base.lproj/LaunchScreen.storyboard; sourceTree = "<group>"; };
		D1DE9D33215924EB00FE1940 /* Info.plist */ = {isa = PBXFileReference; lastKnownFileType = text.plist.xml; path = Info.plist; sourceTree = "<group>"; };
/* End PBXFileReference section */

/* Begin PBXFrameworksBuildPhase section */
		D1DE9D21215924EB00FE1940 /* Frameworks */ = {
			isa = PBXFrameworksBuildPhase;
			buildActionMask = 2147483647;
			files = (
			);
			runOnlyForDeploymentPostprocessing = 0;
		};
/* End PBXFrameworksBuildPhase section */

/* Begin PBXGroup section */
		D1DE9D1B215924EB00FE1940 = {
			isa = PBXGroup;
			children = (
				D1DE9D26215924EB00FE1940 /* AlarmProjects_UyarıOlusturma */,
				D1DE9D25215924EB00FE1940 /* Products */,
			);
			sourceTree = "<group>";
		};
		D1DE9D25215924EB00FE1940 /* Products */ = {
			isa = PBXGroup;
			children = (
				D1DE9D24215924EB00FE1940 /* AlarmProjects_UyarıOlusturma.app */,
			);
			name = Products;
			sourceTree = "<group>";
		};
		D1DE9D26215924EB00FE1940 /* AlarmProjects_UyarıOlusturma */ = {
			isa = PBXGroup;
			children = (
				D1DE9D27215924EB00FE1940 /* AppDelegate.swift */,
				D1DE9D29215924EB00FE1940 /* ViewController.swift */,
				D1DE9D2B215924EB00FE1940 /* Main.storyboard */,
				D1DE9D2E215924EB00FE1940 /* Assets.xcassets */,
				D1DE9D30215924EB00FE1940 /* LaunchScreen.storyboard */,
				D1DE9D33215924EB00FE1940 /* Info.plist */,
			);
			path = "AlarmProjects_UyarıOlusturma";
			sourceTree = "<group>";
		};
/* End PBXGroup section */

/* Begin PBXNativeTarget section */
		D1DE9D23215924EB00FE1940 /* AlarmProjects_UyarıOlusturma */ = {
			isa = PBXNativeTarget;
			buildConfigurationList = D1DE9D36215924EB00FE1940 /* Build configuration list for PBXNativeTarget "AlarmProjects_UyarıOlusturma" */;
			buildPhases = (
				D1DE9D20215924EB00FE1940 /* Sources */,
				D1DE9D21215924EB00FE1940 /* Frameworks */,
				D1DE9D22215924EB00FE1940 /* Resources */,
			);
			buildRules = (
			);
			dependencies = (
			);
			name = "AlarmProjects_UyarıOlusturma";
			productName = "AlarmProjects_UyarıOlusturma";
			productReference = D1DE9D24215924EB00FE1940 /* AlarmProjects_UyarıOlusturma.app */;
			productType = "com.apple.product-type.application";
		};
/* End PBXNativeTarget section */

/* Begin PBXProject section */
		D1DE9D1C215924EB00FE1940 /* Project object */ = {
			isa = PBXProject;
			attributes = {
				LastSwiftUpdateCheck = 1000;
				LastUpgradeCheck = 1000;
				ORGANIZATIONNAME = YMS;
				TargetAttributes = {
					D1DE9D23215924EB00FE1940 = {
						CreatedOnToolsVersion = 10.0;
					};
				};
			};
			buildConfigurationList = D1DE9D1F215924EB00FE1940 /* Build configuration list for PBXProject "AlarmProjects_UyarıOlusturma" */;
			compatibilityVersion = "Xcode 9.3";
			developmentRegion = en;
			hasScannedForEncodings = 0;
			knownRegions = (
				en,
				Base,
			);
			mainGroup = D1DE9D1B215924EB00FE1940;
			productRefGroup = D1DE9D25215924EB00FE1940 /* Products */;
			projectDirPath = "";
			projectRoot = "";
			targets = (
				D1DE9D23215924EB00FE1940 /* AlarmProjects_UyarıOlusturma */,
			);
		};
/* End PBXProject section */

/* Begin PBXResourcesBuildPhase section */
		D1DE9D22215924EB00FE1940 /* Resources */ = {
			isa = PBXResourcesBuildPhase;
			buildActionMask = 2147483647;
			files = (
				D1DE9D32215924EB00FE1940 /* LaunchScreen.storyboard in Resources */,
				D1DE9D2F215924EB00FE1940 /* Assets.xcassets in Resources */,
				D1DE9D2D215924EB00FE1940 /* Main.storyboard in Resources */,
			);
			runOnlyForDeploymentPostprocessing = 0;
		};
/* End PBXResourcesBuildPhase section */

/* Begin PBXSourcesBuildPhase section */
		D1DE9D20215924EB00FE1940 /* Sources */ = {
			isa = PBXSourcesBuildPhase;
			buildActionMask = 2147483647;
			files = (
				D1DE9D2A215924EB00FE1940 /* ViewController.swift in Sources */,
				D1DE9D28215924EB00FE1940 /* AppDelegate.swift in Sources */,
			);
			runOnlyForDeploymentPostprocessing = 0;
		};
/* End PBXSourcesBuildPhase section */

/* Begin PBXVariantGroup section */
		D1DE9D2B215924EB00FE1940 /* Main.storyboard */ = {
			isa = PBXVariantGroup;
			children = (
				D1DE9D2C215924EB00FE1940 /* Base */,
			);
			name = Main.storyboard;
			sourceTree = "<group>";
		};
		D1DE9D30215924EB00FE1940 /* LaunchScreen.storyboard */ = {
			isa = PBXVariantGroup;
			children = (
				D1DE9D31215924EB00FE1940 /* Base */,
			);
			name = LaunchScreen.storyboard;
			sourceTree = "<group>";
		};
/* End PBXVariantGroup section */

/* Begin XCBuildConfiguration section */
		D1DE9D34215924EB00FE1940 /* Debug */ = {
			isa = XCBuildConfiguration;
			buildSettings = {
				ALWAYS_SEARCH_USER_PATHS = NO;
				CLANG_ANALYZER_NONNULL = YES;
				CLANG_ANALYZER_NUMBER_OBJECT_CONVERSION = YES_AGGRESSIVE;
				CLANG_CXX_LANGUAGE_STANDARD = "gnu++14";
				CLANG_CXX_LIBRARY = "libc++";
				CLANG_ENABLE_MODULES = YES;
				CLANG_ENABLE_OBJC_ARC = YES;
				CLANG_ENABLE_OBJC_WEAK = YES;
				CLANG_WARN_BLOCK_CAPTURE_AUTORELEASING = YES;
				CLANG_WARN_BOOL_CONVERSION = YES;
				CLANG_WARN_COMMA = YES;
				CLANG_WARN_CONSTANT_CONVERSION = YES;
				CLANG_WARN_DEPRECATED_OBJC_IMPLEMENTATIONS = YES;
				CLANG_WARN_DIRECT_OBJC_ISA_USAGE = YES_ERROR;
				CLANG_WARN_DOCUMENTATION_COMMENTS = YES;
				CLANG_WARN_EMPTY_BODY = YES;
				CLANG_WARN_ENUM_CONVERSION = YES;
				CLANG_WARN_INFINITE_RECURSION = YES;
				CLANG_WARN_INT_CONVERSION = YES;
				CLANG_WARN_NON_LITERAL_NULL_CONVERSION = YES;
				CLANG_WARN_OBJC_IMPLICIT_RETAIN_SELF = YES;
				CLANG_WARN_OBJC_LITERAL_CONVERSION = YES;
				CLANG_WARN_OBJC_ROOT_CLASS = YES_ERROR;
				CLANG_WARN_RANGE_LOOP_ANALYSIS = YES;
				CLANG_WARN_STRICT_PROTOTYPES = YES;
				CLANG_WARN_SUSPICIOUS_MOVE = YES;
				CLANG_WARN_UNGUARDED_AVAILABILITY = YES_AGGRESSIVE;
				CLANG_WARN_UNREACHABLE_CODE = YES;
				CLANG_WARN__DUPLICATE_METHOD_MATCH = YES;
				CODE_SIGN_IDENTITY = "iPhone Developer";
				COPY_PHASE_STRIP = NO;
				DEBUG_INFORMATION_FORMAT = dwarf;
				ENABLE_STRICT_OBJC_MSGSEND = YES;
				ENABLE_TESTABILITY = YES;
				GCC_C_LANGUAGE_STANDARD = gnu11;
				GCC_DYNAMIC_NO_PIC = NO;
				GCC_NO_COMMON_BLOCKS = YES;
				GCC_OPTIMIZATION_LEVEL = 0;
				GCC_PREPROCESSOR_DEFINITIONS = (
					"DEBUG=1",
					"$(inherited)",
				);
				GCC_WARN_64_TO_32_BIT_CONVERSION = YES;
				GCC_WARN_ABOUT_RETURN_TYPE = YES_ERROR;
				GCC_WARN_UNDECLARED_SELECTOR = YES;
				GCC_WARN_UNINITIALIZED_AUTOS = YES_AGGRESSIVE;
				GCC_WARN_UNUSED_FUNCTION = YES;
				GCC_WARN_UNUSED_VARIABLE = YES;
				IPHONEOS_DEPLOYMENT_TARGET = 12.0;
				MTL_ENABLE_DEBUG_INFO = INCLUDE_SOURCE;
				MTL_FAST_MATH = YES;
				ONLY_ACTIVE_ARCH = YES;
				SDKROOT = iphoneos;
				SWIFT_ACTIVE_COMPILATION_CONDITIONS = DEBUG;
				SWIFT_OPTIMIZATION_LEVEL = "-Onone";
			};
			name = Debug;
		};
		D1DE9D35215924EB00FE1940 /* Release */ = {
			isa = XCBuildConfiguration;
			buildSettings = {
				ALWAYS_SEARCH_USER_PATHS = NO;
				CLANG_ANALYZER_NONNULL = YES;
				CLANG_ANALYZER_NUMBER_OBJECT_CONVERSION = YES_AGGRESSIVE;
				CLANG_CXX_LANGUAGE_STANDARD = "gnu++14";
				CLANG_CXX_LIBRARY = "libc++";
				CLANG_ENABLE_MODULES = YES;
				CLANG_ENABLE_OBJC_ARC = YES;
				CLANG_ENABLE_OBJC_WEAK = YES;
				CLANG_WARN_BLOCK_CAPTURE_AUTORELEASING = YES;
				CLANG_WARN_BOOL_CONVERSION = YES;
				CLANG_WARN_COMMA = YES;
				CLANG_WARN_CONSTANT_CONVERSION = YES;
				CLANG_WARN_DEPRECATED_OBJC_IMPLEMENTATIONS = YES;
				CLANG_WARN_DIRECT_OBJC_ISA_USAGE = YES_ERROR;
				CLANG_WARN_DOCUMENTATION_COMMENTS = YES;
				CLANG_WARN_EMPTY_BODY = YES;
				CLANG_WARN_ENUM_CONVERSION = YES;
				CLANG_WARN_INFINITE_RECURSION = YES;
				CLANG_WARN_INT_CONVERSION = YES;
				CLANG_WARN_NON_LITERAL_NULL_CONVERSION = YES;
				CLANG_WARN_OBJC_IMPLICIT_RETAIN_SELF = YES;
				CLANG_WARN_OBJC_LITERAL_CONVERSION = YES;
				CLANG_WARN_OBJC_ROOT_CLASS = YES_ERROR;
				CLANG_WARN_RANGE_LOOP_ANALYSIS = YES;
				CLANG_WARN_STRICT_PROTOTYPES = YES;
				CLANG_WARN_SUSPICIOUS_MOVE = YES;
				CLANG_WARN_UNGUARDED_AVAILABILITY = YES_AGGRESSIVE;
				CLANG_WARN_UNREACHABLE_CODE = YES;
				CLANG_WARN__DUPLICATE_METHOD_MATCH = YES;
				CODE_SIGN_IDENTITY = "iPhone Developer";
				COPY_PHASE_STRIP = NO;
				DEBUG_INFORMATION_FORMAT = "dwarf-with-dsym";
				ENABLE_NS_ASSERTIONS = NO;
				ENABLE_STRICT_OBJC_MSGSEND = YES;
				GCC_C_LANGUAGE_STANDARD = gnu11;
				GCC_NO_COMMON_BLOCKS = YES;
				GCC_WARN_64_TO_32_BIT_CONVERSION = YES;
				GCC_WARN_ABOUT_RETURN_TYPE = YES_ERROR;
				GCC_WARN_UNDECLARED_SELECTOR = YES;
				GCC_WARN_UNINITIALIZED_AUTOS = YES_AGGRESSIVE;
				GCC_WARN_UNUSED_FUNCTION = YES;
				GCC_WARN_UNUSED_VARIABLE = YES;
				IPHONEOS_DEPLOYMENT_TARGET = 12.0;
				MTL_ENABLE_DEBUG_INFO = NO;
				MTL_FAST_MATH = YES;
				SDKROOT = iphoneos;
				SWIFT_COMPILATION_MODE = wholemodule;
				SWIFT_OPTIMIZATION_LEVEL = "-O";
				VALIDATE_PRODUCT = YES;
			};
			name = Release;
		};
		D1DE9D37215924EB00FE1940 /* Debug */ = {
			isa = XCBuildConfiguration;
			buildSettings = {
				ASSETCATALOG_COMPILER_APPICON_NAME = AppIcon;
				CODE_SIGN_STYLE = Automatic;
				INFOPLIST_FILE = "AlarmProjects_UyarıOlusturma/Info.plist";
				LD_RUNPATH_SEARCH_PATHS = (
					"$(inherited)",
					"@executable_path/Frameworks",
				);
				PRODUCT_BUNDLE_IDENTIFIER = "YMS.AlarmProjects-Uyar-Olusturma";
				PRODUCT_NAME = "$(TARGET_NAME)";
				SWIFT_VERSION = 4.2;
				TARGETED_DEVICE_FAMILY = "1,2";
			};
			name = Debug;
		};
		D1DE9D38215924EB00FE1940 /* Release */ = {
			isa = XCBuildConfiguration;
			buildSettings = {
				ASSETCATALOG_COMPILER_APPICON_NAME = AppIcon;
				CODE_SIGN_STYLE = Automatic;
				INFOPLIST_FILE = "AlarmProjects_UyarıOlusturma/Info.plist";
				LD_RUNPATH_SEARCH_PATHS = (
					"$(inherited)",
					"@executable_path/Frameworks",
				);
				PRODUCT_BUNDLE_IDENTIFIER = "YMS.AlarmProjects-Uyar-Olusturma";
				PRODUCT_NAME = "$(TARGET_NAME)";
				SWIFT_VERSION = 4.2;
				TARGETED_DEVICE_FAMILY = "1,2";
			};
			name = Release;
		};
/* End XCBuildConfiguration section */

/* Begin XCConfigurationList section */
		D1DE9D1F215924EB00FE1940 /* Build configuration list for PBXProject "AlarmProjects_UyarıOlusturma" */ = {
			isa = XCConfigurationList;
			buildConfigurations = (
				D1DE9D34215924EB00FE1940 /* Debug */,
				D1DE9D35215924EB00FE1940 /* Release */,
			);
			defaultConfigurationIsVisible = 0;
			defaultConfigurationName = Release;
		};
		D1DE9D36215924EB00FE1940 /* Build configuration list for PBXNativeTarget "AlarmProjects_UyarıOlusturma" */ = {
			isa = XCConfigurationList;
			buildConfigurations = (
				D1DE9D37215924EB00FE1940 /* Debug */,
				D1DE9D38215924EB00FE1940 /* Release */,
			);
			defaultConfigurationIsVisible = 0;
			defaultConfigurationName = Release;
		};
/* End XCConfigurationList section */
	};
	rootObject = D1DE9D1C215924EB00FE1940 /* Project object */;
}
